
Microsoft Visual Studio Solution File, Format Version 12.00
# Visual Studio Version 17
VisualStudioVersion = 17.2.32630.192
MinimumVisualStudioVersion = 10.0.40219.1
Project("{9A19103F-16F7-4668-BE54-9A1E7A4F7556}") = "ShopOnline.Models", "ShopOnline.Models\ShopOnline.Models.csproj", "{314695E3-EBA0-4496-BF02-8B6DF02EEAC4}"
EndProject
Project("{9A19103F-16F7-4668-BE54-9A1E7A4F7556}") = "ShopOnline.WebApi", "ShopOnline.WebApi\ShopOnline.WebApi.csproj", "{1CA09A7C-F1AB-470D-A1EA-14D2796B2E73}"
EndProject
Project("{9A19103F-16F7-4668-BE54-9A1E7A4F7556}") = "ShopOnline.BlazorClient", "ShopOnline.BlazorClient\ShopOnline.BlazorClient.csproj", "{AC628F14-1D3E-46C0-83D6-E6D2E0CC64AF}"
EndProject
Project("{9A19103F-16F7-4668-BE54-9A1E7A4F7556}") = "ShopOnline.Repository", "ShopOnline.Repository\ShopOnline.Repository.csproj", "{4E8CDCB5-6393-40E0-9479-41621B06845B}"
EndProject
Global
	GlobalSection(SolutionConfigurationPlatforms) = preSolution
		Debug|Any CPU = Debug|Any CPU
		Release|Any CPU = Release|Any CPU
	EndGlobalSection
	GlobalSection(ProjectConfigurationPlatforms) = postSolution
		{314695E3-EBA0-4496-BF02-8B6DF02EEAC4}.Debug|Any CPU.ActiveCfg = Debug|Any CPU
		{314695E3-EBA0-4496-BF02-8B6DF02EEAC4}.Debug|Any CPU.Build.0 = Debug|Any CPU
		{314695E3-EBA0-4496-BF02-8B6DF02EEAC4}.Release|Any CPU.ActiveCfg = Release|Any CPU
		{314695E3-EBA0-4496-BF02-8B6DF02EEAC4}.Release|Any CPU.Build.0 = Release|Any CPU
		{1CA09A7C-F1AB-470D-A1EA-14D2796B2E73}.Debug|Any CPU.ActiveCfg = Debug|Any CPU
		{1CA09A7C-F1AB-470D-A1EA-14D2796B2E73}.Debug|Any CPU.Build.0 = Debug|Any CPU
		{1CA09A7C-F1AB-470D-A1EA-14D2796B2E73}.Release|Any CPU.ActiveCfg = Release|Any CPU
		{1CA09A7C-F1AB-470D-A1EA-14D2796B2E73}.Release|Any CPU.Build.0 = Release|Any CPU
		{AC628F14-1D3E-46C0-83D6-E6D2E0CC64AF}.Debug|Any CPU.ActiveCfg = Debug|Any CPU
		{AC628F14-1D3E-46C0-83D6-E6D2E0CC64AF}.Debug|Any CPU.Build.0 = Debug|Any CPU
		{AC628F14-1D3E-46C0-83D6-E6D2E0CC64AF}.Release|Any CPU.ActiveCfg = Release|Any CPU
		{AC628F14-1D3E-46C0-83D6-E6D2E0CC64AF}.Release|Any CPU.Build.0 = Release|Any CPU
		{4E8CDCB5-6393-40E0-9479-41621B06845B}.Debug|Any CPU.ActiveCfg = Debug|Any CPU
		{4E8CDCB5-6393-40E0-9479-41621B06845B}.Debug|Any CPU.Build.0 = Debug|Any CPU
		{4E8CDCB5-6393-40E0-9479-41621B06845B}.Release|Any CPU.ActiveCfg = Release|Any CPU
		{4E8CDCB5-6393-40E0-9479-41621B06845B}.Release|Any CPU.Build.0 = Release|Any CPU
	EndGlobalSection
	GlobalSection(SolutionProperties) = preSolution
		HideSolutionNode = FALSE
	EndGlobalSection
	GlobalSection(ExtensibilityGlobals) = postSolution
		SolutionGuid = {2F31BA56-1285-4CDA-9A27-D2C7BDEFAEA5}
	EndGlobalSection
EndGlobal
